Microsoft Visual Studio Solution File, Format Version 12.00
# Visual Studio Version 17
VisualStudioVersion = 17.13.35818.85
MinimumVisualStudioVersion = 10.0.40219.1
Project("{FAE04EC0-301F-11D3-BF4B-00C04F79EFBC}") = "WifiCheck", "WifiCheck.csproj", "{7AD17B62-2092-48D9-9F4C-85D7A783740A}"
EndProject
Global
	GlobalSection(SolutionConfigurationPlatforms) = preSolution
		Debug|Any CPU = Debug|Any CPU
		Release|Any CPU = Release|Any CPU
	EndGlobalSection
	GlobalSection(ProjectConfigurationPlatforms) = postSolution
		{7AD17B62-2092-48D9-9F4C-85D7A783740A}.Debug|Any CPU.ActiveCfg = Debug|Any CPU
		{7AD17B62-2092-48D9-9F4C-85D7A783740A}.Debug|Any CPU.Build.0 = Debug|Any CPU
		{7AD17B62-2092-48D9-9F4C-85D7A783740A}.Release|Any CPU.ActiveCfg = Release|Any CPU
		{7AD17B62-2092-48D9-9F4C-85D7A783740A}.Release|Any CPU.Build.0 = Release|Any CPU
	EndGlobalSection
	GlobalSection(SolutionProperties) = preSolution
		HideSolutionNode = FALSE
	EndGlobalSection
	GlobalSection(ExtensibilityGlobals) = postSolution
		SolutionGuid = {B4B95A5F-6F15-44CA-8138-FD1585520747}
	EndGlobalSection
EndGlobal
